
Microsoft Visual Studio Solution File, Format Version 12.00
# Visual Studio Version 17
VisualStudioVersion = 17.14.36310.24
MinimumVisualStudioVersion = 10.0.40219.1
Project("{FAE04EC0-301F-11D3-BF4B-00C04F79EFBC}") = "BlogTalks.API", "BlogTalks.API\BlogTalks.API.csproj", "{F345B21A-35A0-4FC1-838A-7420534B82BE}"
EndProject
Project("{FAE04EC0-301F-11D3-BF4B-00C04F79EFBC}") = "BlogTalks.Domain", "BlogTalks.Domain\BlogTalks.Domain.csproj", "{7E8B0D57-158E-43EF-8386-EBF32319A49A}"
EndProject
Project("{FAE04EC0-301F-11D3-BF4B-00C04F79EFBC}") = "BlogTalks.Application", "BlogTalks.Application\BlogTalks.Application.csproj", "{E7C40DD5-BF8A-40FD-B0A5-B72FE5711566}"
EndProject
Project("{FAE04EC0-301F-11D3-BF4B-00C04F79EFBC}") = "BlogTalks.Infrastructure", "BlogTalks.Infrastructure\BlogTalks.Infrastructure.csproj", "{356128FD-7D94-4282-81F3-E368E4B62847}"
EndProject
Project("{FAE04EC0-301F-11D3-BF4B-00C04F79EFBC}") = "BlogTalks.Test", "BlogTalks.Test\BlogTalks.Test.csproj", "{5DAD2920-9272-456C-AF03-B8C70DFE0FB5}"
EndProject
Project("{FAE04EC0-301F-11D3-BF4B-00C04F79EFBC}") = "BlogTalks.EmailSenderAPI", "BlogTalks.EmailSenderAPI\BlogTalks.EmailSenderAPI.csproj", "{2A3FA96C-B5DD-4620-AF1C-41310F99D004}"
EndProject
Global
	GlobalSection(SolutionConfigurationPlatforms) = preSolution
		Debug|Any CPU = Debug|Any CPU
		Release|Any CPU = Release|Any CPU
	EndGlobalSection
	GlobalSection(ProjectConfigurationPlatforms) = postSolution
		{F345B21A-35A0-4FC1-838A-7420534B82BE}.Debug|Any CPU.ActiveCfg = Debug|Any CPU
		{F345B21A-35A0-4FC1-838A-7420534B82BE}.Debug|Any CPU.Build.0 = Debug|Any CPU
		{F345B21A-35A0-4FC1-838A-7420534B82BE}.Release|Any CPU.ActiveCfg = Release|Any CPU
		{F345B21A-35A0-4FC1-838A-7420534B82BE}.Release|Any CPU.Build.0 = Release|Any CPU
		{7E8B0D57-158E-43EF-8386-EBF32319A49A}.Debug|Any CPU.ActiveCfg = Debug|Any CPU
		{7E8B0D57-158E-43EF-8386-EBF32319A49A}.Debug|Any CPU.Build.0 = Debug|Any CPU
		{7E8B0D57-158E-43EF-8386-EBF32319A49A}.Release|Any CPU.ActiveCfg = Release|Any CPU
		{7E8B0D57-158E-43EF-8386-EBF32319A49A}.Release|Any CPU.Build.0 = Release|Any CPU
		{E7C40DD5-BF8A-40FD-B0A5-B72FE5711566}.Debug|Any CPU.ActiveCfg = Debug|Any CPU
		{E7C40DD5-BF8A-40FD-B0A5-B72FE5711566}.Debug|Any CPU.Build.0 = Debug|Any CPU
		{E7C40DD5-BF8A-40FD-B0A5-B72FE5711566}.Release|Any CPU.ActiveCfg = Release|Any CPU
		{E7C40DD5-BF8A-40FD-B0A5-B72FE5711566}.Release|Any CPU.Build.0 = Release|Any CPU
		{356128FD-7D94-4282-81F3-E368E4B62847}.Debug|Any CPU.ActiveCfg = Debug|Any CPU
		{356128FD-7D94-4282-81F3-E368E4B62847}.Debug|Any CPU.Build.0 = Debug|Any CPU
		{356128FD-7D94-4282-81F3-E368E4B62847}.Release|Any CPU.ActiveCfg = Release|Any CPU
		{356128FD-7D94-4282-81F3-E368E4B62847}.Release|Any CPU.Build.0 = Release|Any CPU
		{5DAD2920-9272-456C-AF03-B8C70DFE0FB5}.Debug|Any CPU.ActiveCfg = Debug|Any CPU
		{5DAD2920-9272-456C-AF03-B8C70DFE0FB5}.Debug|Any CPU.Build.0 = Debug|Any CPU
		{5DAD2920-9272-456C-AF03-B8C70DFE0FB5}.Release|Any CPU.ActiveCfg = Release|Any CPU
		{5DAD2920-9272-456C-AF03-B8C70DFE0FB5}.Release|Any CPU.Build.0 = Release|Any CPU
		{2A3FA96C-B5DD-4620-AF1C-41310F99D004}.Debug|Any CPU.ActiveCfg = Debug|Any CPU
		{2A3FA96C-B5DD-4620-AF1C-41310F99D004}.Debug|Any CPU.Build.0 = Debug|Any CPU
		{2A3FA96C-B5DD-4620-AF1C-41310F99D004}.Release|Any CPU.ActiveCfg = Release|Any CPU
		{2A3FA96C-B5DD-4620-AF1C-41310F99D004}.Release|Any CPU.Build.0 = Release|Any CPU
	EndGlobalSection
	GlobalSection(SolutionProperties) = preSolution
		HideSolutionNode = FALSE
	EndGlobalSection
	GlobalSection(ExtensibilityGlobals) = postSolution
		SolutionGuid = {095638F4-DCFB-43AE-ABFC-A2A40EB730C7}
	EndGlobalSection
EndGlobal
